{
  "originHash" : "180625ef3d9d56f7d9a1b7e97d27df16fb813baf8385646f89226f3ff81b30dd",
  "pins" : [
    {
      "identity" : "lottie-spm",
      "kind" : "remoteSourceControl",
      "location" : "https://github.com/airbnb/lottie-spm.git",
      "state" : {
        "revision" : "69faaefa7721fba9e434a52c16adf4329c9084db",
        "version" : "4.6.0"
      }
    },
    {
      "identity" : "rive-ios",
      "kind" : "remoteSourceControl",
      "location" : "https://github.com/rive-app/rive-ios.git",
      "state" : {
        "revision" : "92dfc6d7ead8a26b71629a7fc51aeefb50b6613b",
        "version" : "6.20.5"
      }
    }
  ],
  "version" : 3
}
